
Microsoft Visual Studio Solution File, Format Version 12.00
# Visual Studio Version 16
VisualStudioVersion = 16.0.31313.79
MinimumVisualStudioVersion = 10.0.40219.1
Project("{FAE04EC0-301F-11D3-BF4B-00C04F79EFBC}") = "xamarin-playground.UWP", "xamarin-playground\xamarin-playground.UWP\xamarin-playground.UWP.csproj", "{5C22D87B-6A0D-4230-8FF0-7C6AB4FB408B}"
EndProject
Project("{FAE04EC0-301F-11D3-BF4B-00C04F79EFBC}") = "xamarin-playground.Android", "xamarin-playground\xamarin-playground.Android\xamarin-playground.Android.csproj", "{B1EB4CBA-B94F-492E-98FD-7133D34510B0}"
EndProject
Project("{FAE04EC0-301F-11D3-BF4B-00C04F79EFBC}") = "xamarin-playground.iOS", "xamarin-playground\xamarin-playground.iOS\xamarin-playground.iOS.csproj", "{32BDC83A-107E-4DE8-A9D2-3CD381A8F92F}"
EndProject
Project("{FAE04EC0-301F-11D3-BF4B-00C04F79EFBC}") = "xamarin-playground", "xamarin-playground\xamarin-playground\xamarin-playground.csproj", "{6916C402-8367-484D-9720-574233B03C6F}"
EndProject
Global
	GlobalSection(SolutionConfigurationPlatforms) = preSolution
		Debug|Any CPU = Debug|Any CPU
		Debug|ARM = Debug|ARM
		Debug|iPhone = Debug|iPhone
		Debug|iPhoneSimulator = Debug|iPhoneSimulator
		Debug|x64 = Debug|x64
		Debug|x86 = Debug|x86
		Release|Any CPU = Release|Any CPU
		Release|ARM = Release|ARM
		Release|iPhone = Release|iPhone
		Release|iPhoneSimulator = Release|iPhoneSimulator
		Release|x64 = Release|x64
		Release|x86 = Release|x86
	EndGlobalSection
	GlobalSection(ProjectConfigurationPlatforms) = postSolution
		{5C22D87B-6A0D-4230-8FF0-7C6AB4FB408B}.Debug|Any CPU.ActiveCfg = Debug|x86
		{5C22D87B-6A0D-4230-8FF0-7C6AB4FB408B}.Debug|Any CPU.Build.0 = Debug|x86
		{5C22D87B-6A0D-4230-8FF0-7C6AB4FB408B}.Debug|Any CPU.Deploy.0 = Debug|x86
		{5C22D87B-6A0D-4230-8FF0-7C6AB4FB408B}.Debug|ARM.ActiveCfg = Debug|ARM
		{5C22D87B-6A0D-4230-8FF0-7C6AB4FB408B}.Debug|ARM.Build.0 = Debug|ARM
		{5C22D87B-6A0D-4230-8FF0-7C6AB4FB408B}.Debug|ARM.Deploy.0 = Debug|ARM
		{5C22D87B-6A0D-4230-8FF0-7C6AB4FB408B}.Debug|iPhone.ActiveCfg = Debug|x86
		{5C22D87B-6A0D-4230-8FF0-7C6AB4FB408B}.Debug|iPhone.Build.0 = Debug|x86
		{5C22D87B-6A0D-4230-8FF0-7C6AB4FB408B}.Debug|iPhone.Deploy.0 = Debug|x86
		{5C22D87B-6A0D-4230-8FF0-7C6AB4FB408B}.Debug|iPhoneSimulator.ActiveCfg = Debug|x86
		{5C22D87B-6A0D-4230-8FF0-7C6AB4FB408B}.Debug|iPhoneSimulator.Build.0 = Debug|x86
		{5C22D87B-6A0D-4230-8FF0-7C6AB4FB408B}.Debug|iPhoneSimulator.Deploy.0 = Debug|x86
		{5C22D87B-6A0D-4230-8FF0-7C6AB4FB408B}.Debug|x64.ActiveCfg = Debug|x64
		{5C22D87B-6A0D-4230-8FF0-7C6AB4FB408B}.Debug|x64.Build.0 = Debug|x64
		{5C22D87B-6A0D-4230-8FF0-7C6AB4FB408B}.Debug|x64.Deploy.0 = Debug|x64
		{5C22D87B-6A0D-4230-8FF0-7C6AB4FB408B}.Debug|x86.ActiveCfg = Debug|x86
		{5C22D87B-6A0D-4230-8FF0-7C6AB4FB408B}.Debug|x86.Build.0 = Debug|x86
		{5C22D87B-6A0D-4230-8FF0-7C6AB4FB408B}.Debug|x86.Deploy.0 = Debug|x86
		{5C22D87B-6A0D-4230-8FF0-7C6AB4FB408B}.Release|Any CPU.ActiveCfg = Release|x86
		{5C22D87B-6A0D-4230-8FF0-7C6AB4FB408B}.Release|Any CPU.Build.0 = Release|x86
		{5C22D87B-6A0D-4230-8FF0-7C6AB4FB408B}.Release|Any CPU.Deploy.0 = Release|x86
		{5C22D87B-6A0D-4230-8FF0-7C6AB4FB408B}.Release|ARM.ActiveCfg = Release|ARM
		{5C22D87B-6A0D-4230-8FF0-7C6AB4FB408B}.Release|ARM.Build.0 = Release|ARM
		{5C22D87B-6A0D-4230-8FF0-7C6AB4FB408B}.Release|ARM.Deploy.0 = Release|ARM
		{5C22D87B-6A0D-4230-8FF0-7C6AB4FB408B}.Release|iPhone.ActiveCfg = Release|x86
		{5C22D87B-6A0D-4230-8FF0-7C6AB4FB408B}.Release|iPhone.Build.0 = Release|x86
		{5C22D87B-6A0D-4230-8FF0-7C6AB4FB408B}.Release|iPhone.Deploy.0 = Release|x86
		{5C22D87B-6A0D-4230-8FF0-7C6AB4FB408B}.Release|iPhoneSimulator.ActiveCfg = Release|x86
		{5C22D87B-6A0D-4230-8FF0-7C6AB4FB408B}.Release|iPhoneSimulator.Build.0 = Release|x86
		{5C22D87B-6A0D-4230-8FF0-7C6AB4FB408B}.Release|iPhoneSimulator.Deploy.0 = Release|x86
		{5C22D87B-6A0D-4230-8FF0-7C6AB4FB408B}.Release|x64.ActiveCfg = Release|x64
		{5C22D87B-6A0D-4230-8FF0-7C6AB4FB408B}.Release|x64.Build.0 = Release|x64
		{5C22D87B-6A0D-4230-8FF0-7C6AB4FB408B}.Release|x64.Deploy.0 = Release|x64
		{5C22D87B-6A0D-4230-8FF0-7C6AB4FB408B}.Release|x86.ActiveCfg = Release|x86
		{5C22D87B-6A0D-4230-8FF0-7C6AB4FB408B}.Release|x86.Build.0 = Release|x86
		{5C22D87B-6A0D-4230-8FF0-7C6AB4FB408B}.Release|x86.Deploy.0 = Release|x86
		{B1EB4CBA-B94F-492E-98FD-7133D34510B0}.Debug|Any CPU.ActiveCfg = Debug|Any CPU
		{B1EB4CBA-B94F-492E-98FD-7133D34510B0}.Debug|Any CPU.Build.0 = Debug|Any CPU
		{B1EB4CBA-B94F-492E-98FD-7133D34510B0}.Debug|Any CPU.Deploy.0 = Debug|Any CPU
		{B1EB4CBA-B94F-492E-98FD-7133D34510B0}.Debug|ARM.ActiveCfg = Debug|Any CPU
		{B1EB4CBA-B94F-492E-98FD-7133D34510B0}.Debug|ARM.Build.0 = Debug|Any CPU
		{B1EB4CBA-B94F-492E-98FD-7133D34510B0}.Debug|ARM.Deploy.0 = Debug|Any CPU
		{B1EB4CBA-B94F-492E-98FD-7133D34510B0}.Debug|iPhone.ActiveCfg = Debug|Any CPU
		{B1EB4CBA-B94F-492E-98FD-7133D34510B0}.Debug|iPhone.Build.0 = Debug|Any CPU
		{B1EB4CBA-B94F-492E-98FD-7133D34510B0}.Debug|iPhone.Deploy.0 = Debug|Any CPU
		{B1EB4CBA-B94F-492E-98FD-7133D34510B0}.Debug|iPhoneSimulator.ActiveCfg = Debug|Any CPU
		{B1EB4CBA-B94F-492E-98FD-7133D34510B0}.Debug|iPhoneSimulator.Build.0 = Debug|Any CPU
		{B1EB4CBA-B94F-492E-98FD-7133D34510B0}.Debug|iPhoneSimulator.Deploy.0 = Debug|Any CPU
		{B1EB4CBA-B94F-492E-98FD-7133D34510B0}.Debug|x64.ActiveCfg = Debug|Any CPU
		{B1EB4CBA-B94F-492E-98FD-7133D34510B0}.Debug|x64.Build.0 = Debug|Any CPU
		{B1EB4CBA-B94F-492E-98FD-7133D34510B0}.Debug|x64.Deploy.0 = Debug|Any CPU
		{B1EB4CBA-B94F-492E-98FD-7133D34510B0}.Debug|x86.ActiveCfg = Debug|Any CPU
		{B1EB4CBA-B94F-492E-98FD-7133D34510B0}.Debug|x86.Build.0 = Debug|Any CPU
		{B1EB4CBA-B94F-492E-98FD-7133D34510B0}.Debug|x86.Deploy.0 = Debug|Any CPU
		{B1EB4CBA-B94F-492E-98FD-7133D34510B0}.Release|Any CPU.ActiveCfg = Release|Any CPU
		{B1EB4CBA-B94F-492E-98FD-7133D34510B0}.Release|Any CPU.Build.0 = Release|Any CPU
		{B1EB4CBA-B94F-492E-98FD-7133D34510B0}.Release|Any CPU.Deploy.0 = Release|Any CPU
		{B1EB4CBA-B94F-492E-98FD-7133D34510B0}.Release|ARM.ActiveCfg = Release|Any CPU
		{B1EB4CBA-B94F-492E-98FD-7133D34510B0}.Release|ARM.Build.0 = Release|Any CPU
		{B1EB4CBA-B94F-492E-98FD-7133D34510B0}.Release|ARM.Deploy.0 = Release|Any CPU
		{B1EB4CBA-B94F-492E-98FD-7133D34510B0}.Release|iPhone.ActiveCfg = Release|Any CPU
		{B1EB4CBA-B94F-492E-98FD-7133D34510B0}.Release|iPhone.Build.0 = Release|Any CPU
		{B1EB4CBA-B94F-492E-98FD-7133D34510B0}.Release|iPhone.Deploy.0 = Release|Any CPU
		{B1EB4CBA-B94F-492E-98FD-7133D34510B0}.Release|iPhoneSimulator.ActiveCfg = Release|Any CPU
		{B1EB4CBA-B94F-492E-98FD-7133D34510B0}.Release|iPhoneSimulator.Build.0 = Release|Any CPU
		{B1EB4CBA-B94F-492E-98FD-7133D34510B0}.Release|iPhoneSimulator.Deploy.0 = Release|Any CPU
		{B1EB4CBA-B94F-492E-98FD-7133D34510B0}.Release|x64.ActiveCfg = Release|Any CPU
		{B1EB4CBA-B94F-492E-98FD-7133D34510B0}.Release|x64.Build.0 = Release|Any CPU
		{B1EB4CBA-B94F-492E-98FD-7133D34510B0}.Release|x64.Deploy.0 = Release|Any CPU
		{B1EB4CBA-B94F-492E-98FD-7133D34510B0}.Release|x86.ActiveCfg = Release|Any CPU
		{B1EB4CBA-B94F-492E-98FD-7133D34510B0}.Release|x86.Build.0 = Release|Any CPU
		{B1EB4CBA-B94F-492E-98FD-7133D34510B0}.Release|x86.Deploy.0 = Release|Any CPU
		{32BDC83A-107E-4DE8-A9D2-3CD381A8F92F}.Debug|Any CPU.ActiveCfg = Debug|iPhoneSimulator
		{32BDC83A-107E-4DE8-A9D2-3CD381A8F92F}.Debug|Any CPU.Build.0 = Debug|iPhoneSimulator
		{32BDC83A-107E-4DE8-A9D2-3CD381A8F92F}.Debug|Any CPU.Deploy.0 = Debug|iPhoneSimulator
		{32BDC83A-107E-4DE8-A9D2-3CD381A8F92F}.Debug|ARM.ActiveCfg = Debug|iPhone
		{32BDC83A-107E-4DE8-A9D2-3CD381A8F92F}.Debug|ARM.Build.0 = Debug|iPhone
		{32BDC83A-107E-4DE8-A9D2-3CD381A8F92F}.Debug|ARM.Deploy.0 = Debug|iPhone
		{32BDC83A-107E-4DE8-A9D2-3CD381A8F92F}.Debug|iPhone.ActiveCfg = Debug|iPhone
		{32BDC83A-107E-4DE8-A9D2-3CD381A8F92F}.Debug|iPhone.Build.0 = Debug|iPhone
		{32BDC83A-107E-4DE8-A9D2-3CD381A8F92F}.Debug|iPhone.Deploy.0 = Debug|iPhone
		{32BDC83A-107E-4DE8-A9D2-3CD381A8F92F}.Debug|iPhoneSimulator.ActiveCfg = Debug|iPhoneSimulator
		{32BDC83A-107E-4DE8-A9D2-3CD381A8F92F}.Debug|iPhoneSimulator.Build.0 = Debug|iPhoneSimulator
		{32BDC83A-107E-4DE8-A9D2-3CD381A8F92F}.Debug|iPhoneSimulator.Deploy.0 = Debug|iPhoneSimulator
		{32BDC83A-107E-4DE8-A9D2-3CD381A8F92F}.Debug|x64.ActiveCfg = Debug|iPhoneSimulator
		{32BDC83A-107E-4DE8-A9D2-3CD381A8F92F}.Debug|x64.Build.0 = Debug|iPhoneSimulator
		{32BDC83A-107E-4DE8-A9D2-3CD381A8F92F}.Debug|x64.Deploy.0 = Debug|iPhoneSimulator
		{32BDC83A-107E-4DE8-A9D2-3CD381A8F92F}.Debug|x86.ActiveCfg = Debug|iPhoneSimulator
		{32BDC83A-107E-4DE8-A9D2-3CD381A8F92F}.Debug|x86.Build.0 = Debug|iPhoneSimulator
		{32BDC83A-107E-4DE8-A9D2-3CD381A8F92F}.Debug|x86.Deploy.0 = Debug|iPhoneSimulator
		{32BDC83A-107E-4DE8-A9D2-3CD381A8F92F}.Release|Any CPU.ActiveCfg = Release|iPhoneSimulator
		{32BDC83A-107E-4DE8-A9D2-3CD381A8F92F}.Release|Any CPU.Build.0 = Release|iPhoneSimulator
		{32BDC83A-107E-4DE8-A9D2-3CD381A8F92F}.Release|Any CPU.Deploy.0 = Release|iPhoneSimulator
		{32BDC83A-107E-4DE8-A9D2-3CD381A8F92F}.Release|ARM.ActiveCfg = Release|iPhoneSimulator
		{32BDC83A-107E-4DE8-A9D2-3CD381A8F92F}.Release|ARM.Build.0 = Release|iPhoneSimulator
		{32BDC83A-107E-4DE8-A9D2-3CD381A8F92F}.Release|ARM.Deploy.0 = Release|iPhoneSimulator
		{32BDC83A-107E-4DE8-A9D2-3CD381A8F92F}.Release|iPhone.ActiveCfg = Release|iPhone
		{32BDC83A-107E-4DE8-A9D2-3CD381A8F92F}.Release|iPhone.Build.0 = Release|iPhone
		{32BDC83A-107E-4DE8-A9D2-3CD381A8F92F}.Release|iPhone.Deploy.0 = Release|iPhone
		{32BDC83A-107E-4DE8-A9D2-3CD381A8F92F}.Release|iPhoneSimulator.ActiveCfg = Release|iPhoneSimulator
		{32BDC83A-107E-4DE8-A9D2-3CD381A8F92F}.Release|iPhoneSimulator.Build.0 = Release|iPhoneSimulator
		{32BDC83A-107E-4DE8-A9D2-3CD381A8F92F}.Release|iPhoneSimulator.Deploy.0 = Release|iPhoneSimulator
		{32BDC83A-107E-4DE8-A9D2-3CD381A8F92F}.Release|x64.ActiveCfg = Release|iPhoneSimulator
		{32BDC83A-107E-4DE8-A9D2-3CD381A8F92F}.Release|x64.Build.0 = Release|iPhoneSimulator
		{32BDC83A-107E-4DE8-A9D2-3CD381A8F92F}.Release|x64.Deploy.0 = Release|iPhoneSimulator
		{32BDC83A-107E-4DE8-A9D2-3CD381A8F92F}.Release|x86.ActiveCfg = Release|iPhoneSimulator
		{32BDC83A-107E-4DE8-A9D2-3CD381A8F92F}.Release|x86.Build.0 = Release|iPhoneSimulator
		{32BDC83A-107E-4DE8-A9D2-3CD381A8F92F}.Release|x86.Deploy.0 = Release|iPhoneSimulator
		{6916C402-8367-484D-9720-574233B03C6F}.Debug|Any CPU.ActiveCfg = Debug|Any CPU
		{6916C402-8367-484D-9720-574233B03C6F}.Debug|Any CPU.Build.0 = Debug|Any CPU
		{6916C402-8367-484D-9720-574233B03C6F}.Debug|Any CPU.Deploy.0 = Debug|Any CPU
		{6916C402-8367-484D-9720-574233B03C6F}.Debug|ARM.ActiveCfg = Debug|Any CPU
		{6916C402-8367-484D-9720-574233B03C6F}.Debug|ARM.Build.0 = Debug|Any CPU
		{6916C402-8367-484D-9720-574233B03C6F}.Debug|ARM.Deploy.0 = Debug|Any CPU
		{6916C402-8367-484D-9720-574233B03C6F}.Debug|iPhone.ActiveCfg = Debug|Any CPU
		{6916C402-8367-484D-9720-574233B03C6F}.Debug|iPhone.Build.0 = Debug|Any CPU
		{6916C402-8367-484D-9720-574233B03C6F}.Debug|iPhone.Deploy.0 = Debug|Any CPU
		{6916C402-8367-484D-9720-574233B03C6F}.Debug|iPhoneSimulator.ActiveCfg = Debug|Any CPU
		{6916C402-8367-484D-9720-574233B03C6F}.Debug|iPhoneSimulator.Build.0 = Debug|Any CPU
		{6916C402-8367-484D-9720-574233B03C6F}.Debug|iPhoneSimulator.Deploy.0 = Debug|Any CPU
		{6916C402-8367-484D-9720-574233B03C6F}.Debug|x64.ActiveCfg = Debug|Any CPU
		{6916C402-8367-484D-9720-574233B03C6F}.Debug|x64.Build.0 = Debug|Any CPU
		{6916C402-8367-484D-9720-574233B03C6F}.Debug|x64.Deploy.0 = Debug|Any CPU
		{6916C402-8367-484D-9720-574233B03C6F}.Debug|x86.ActiveCfg = Debug|Any CPU
		{6916C402-8367-484D-9720-574233B03C6F}.Debug|x86.Build.0 = Debug|Any CPU
		{6916C402-8367-484D-9720-574233B03C6F}.Debug|x86.Deploy.0 = Debug|Any CPU
		{6916C402-8367-484D-9720-574233B03C6F}.Release|Any CPU.ActiveCfg = Release|Any CPU
		{6916C402-8367-484D-9720-574233B03C6F}.Release|Any CPU.Build.0 = Release|Any CPU
		{6916C402-8367-484D-9720-574233B03C6F}.Release|Any CPU.Deploy.0 = Release|Any CPU
		{6916C402-8367-484D-9720-574233B03C6F}.Release|ARM.ActiveCfg = Release|Any CPU
		{6916C402-8367-484D-9720-574233B03C6F}.Release|ARM.Build.0 = Release|Any CPU
		{6916C402-8367-484D-9720-574233B03C6F}.Release|ARM.Deploy.0 = Release|Any CPU
		{6916C402-8367-484D-9720-574233B03C6F}.Release|iPhone.ActiveCfg = Release|Any CPU
		{6916C402-8367-484D-9720-574233B03C6F}.Release|iPhone.Build.0 = Release|Any CPU
		{6916C402-8367-484D-9720-574233B03C6F}.Release|iPhone.Deploy.0 = Release|Any CPU
		{6916C402-8367-484D-9720-574233B03C6F}.Release|iPhoneSimulator.ActiveCfg = Release|Any CPU
		{6916C402-8367-484D-9720-574233B03C6F}.Release|iPhoneSimulator.Build.0 = Release|Any CPU
		{6916C402-8367-484D-9720-574233B03C6F}.Release|iPhoneSimulator.Deploy.0 = Release|Any CPU
		{6916C402-8367-484D-9720-574233B03C6F}.Release|x64.ActiveCfg = Release|Any CPU
		{6916C402-8367-484D-9720-574233B03C6F}.Release|x64.Build.0 = Release|Any CPU
		{6916C402-8367-484D-9720-574233B03C6F}.Release|x64.Deploy.0 = Release|Any CPU
		{6916C402-8367-484D-9720-574233B03C6F}.Release|x86.ActiveCfg = Release|Any CPU
		{6916C402-8367-484D-9720-574233B03C6F}.Release|x86.Build.0 = Release|Any CPU
		{6916C402-8367-484D-9720-574233B03C6F}.Release|x86.Deploy.0 = Release|Any CPU
	EndGlobalSection
	GlobalSection(SolutionProperties) = preSolution
		HideSolutionNode = FALSE
	EndGlobalSection
	GlobalSection(ExtensibilityGlobals) = postSolution
		SolutionGuid = {BDC1F40F-8DB5-4BFC-8707-1DA852B0FCD9}
	EndGlobalSection
EndGlobal
